Microsoft Visual Studio Solution File, Format Version 12.00
# Visual Studio Version 16
VisualStudioVersion = 16.0.0.0
MinimumVisualStudioVersion = 16.0.0.0
Project("{9A19103F-16F7-4668-BE54-9A1E7A4F7556}") = "CoffeePicker", "CoffeePicker\CoffeePicker.csproj", "{A339C4CB-3F6B-4D8A-8CB4-AD76073311A0}"
EndProject
Project("{9A19103F-16F7-4668-BE54-9A1E7A4F7556}") = "CoffeePicker.Client", "CoffeePicker.Client\CoffeePicker.Client.csproj", "{CBC20075-A068-4B78-ABB6-9F9795A7243C}"
EndProject
Project("{FAE04EC0-301F-11D3-BF4B-00C04F79EFBC}") = "CoffeePicker.ComponentTests", "CoffeePicker.ComponentTests\CoffeePicker.ComponentTests.csproj", "{99528A47-300F-4587-80B1-823FB9EDE5D8}"
EndProject
Project("{FAE04EC0-301F-11D3-BF4B-00C04F79EFBC}") = "CoffeePicker.BusinessLogic", "CoffeePicker.BusinessLogic\CoffeePicker.BusinessLogic.csproj", "{E3F66A05-80D4-406B-ABF3-B4CE1A46D8AC}"
EndProject
Project("{FAE04EC0-301F-11D3-BF4B-00C04F79EFBC}") = "CoffeePicker.ConsoleProject", "CoffeePicker.ConsoleProject\CoffeePicker.ConsoleProject.csproj", "{F96F7110-FC2C-4BE7-8A17-52A1E7A187D8}"
EndProject
Project("{FAE04EC0-301F-11D3-BF4B-00C04F79EFBC}") = "CoffeePicker.AcceptanceTests", "CoffeePicker.AcceptanceTests\CoffeePicker.AcceptanceTests.csproj", "{86AB8525-2B6B-4914-BDEC-B01CD777D955}"
EndProject
Project("{FAE04EC0-301F-11D3-BF4B-00C04F79EFBC}") = "CoffeePicker.UnitTests", "CoffeePicker.UnitTests\CoffeePicker.UnitTests.csproj", "{2DEE95BF-3F8A-4D0A-A75D-DE576C69F4CF}"
EndProject
Global
	GlobalSection(SolutionConfigurationPlatforms) = preSolution
		Debug|Any CPU = Debug|Any CPU
		Debug|x64 = Debug|x64
		Debug|x86 = Debug|x86
		Release|Any CPU = Release|Any CPU
		Release|x64 = Release|x64
		Release|x86 = Release|x86
	EndGlobalSection
	GlobalSection(ProjectConfigurationPlatforms) = postSolution
		{CBC20075-A068-4B78-ABB6-9F9795A7243C}.Debug|Any CPU.ActiveCfg = Debug|Any CPU
		{CBC20075-A068-4B78-ABB6-9F9795A7243C}.Debug|Any CPU.Build.0 = Debug|Any CPU
		{CBC20075-A068-4B78-ABB6-9F9795A7243C}.Debug|x64.ActiveCfg = Debug|Any CPU
		{CBC20075-A068-4B78-ABB6-9F9795A7243C}.Debug|x64.Build.0 = Debug|Any CPU
		{CBC20075-A068-4B78-ABB6-9F9795A7243C}.Debug|x86.ActiveCfg = Debug|Any CPU
		{CBC20075-A068-4B78-ABB6-9F9795A7243C}.Debug|x86.Build.0 = Debug|Any CPU
		{CBC20075-A068-4B78-ABB6-9F9795A7243C}.Release|Any CPU.ActiveCfg = Release|Any CPU
		{CBC20075-A068-4B78-ABB6-9F9795A7243C}.Release|Any CPU.Build.0 = Release|Any CPU
		{CBC20075-A068-4B78-ABB6-9F9795A7243C}.Release|x64.ActiveCfg = Release|Any CPU
		{CBC20075-A068-4B78-ABB6-9F9795A7243C}.Release|x64.Build.0 = Release|Any CPU
		{CBC20075-A068-4B78-ABB6-9F9795A7243C}.Release|x86.ActiveCfg = Release|Any CPU
		{CBC20075-A068-4B78-ABB6-9F9795A7243C}.Release|x86.Build.0 = Release|Any CPU
		{A339C4CB-3F6B-4D8A-8CB4-AD76073311A0}.Debug|Any CPU.ActiveCfg = Debug|Any CPU
		{A339C4CB-3F6B-4D8A-8CB4-AD76073311A0}.Debug|Any CPU.Build.0 = Debug|Any CPU
		{A339C4CB-3F6B-4D8A-8CB4-AD76073311A0}.Debug|x64.ActiveCfg = Debug|Any CPU
		{A339C4CB-3F6B-4D8A-8CB4-AD76073311A0}.Debug|x64.Build.0 = Debug|Any CPU
		{A339C4CB-3F6B-4D8A-8CB4-AD76073311A0}.Debug|x86.ActiveCfg = Debug|Any CPU
		{A339C4CB-3F6B-4D8A-8CB4-AD76073311A0}.Debug|x86.Build.0 = Debug|Any CPU
		{A339C4CB-3F6B-4D8A-8CB4-AD76073311A0}.Release|Any CPU.ActiveCfg = Release|Any CPU
		{A339C4CB-3F6B-4D8A-8CB4-AD76073311A0}.Release|Any CPU.Build.0 = Release|Any CPU
		{A339C4CB-3F6B-4D8A-8CB4-AD76073311A0}.Release|x64.ActiveCfg = Release|Any CPU
		{A339C4CB-3F6B-4D8A-8CB4-AD76073311A0}.Release|x64.Build.0 = Release|Any CPU
		{A339C4CB-3F6B-4D8A-8CB4-AD76073311A0}.Release|x86.ActiveCfg = Release|Any CPU
		{A339C4CB-3F6B-4D8A-8CB4-AD76073311A0}.Release|x86.Build.0 = Release|Any CPU
		{99528A47-300F-4587-80B1-823FB9EDE5D8}.Debug|Any CPU.ActiveCfg = Debug|Any CPU
		{99528A47-300F-4587-80B1-823FB9EDE5D8}.Debug|Any CPU.Build.0 = Debug|Any CPU
		{99528A47-300F-4587-80B1-823FB9EDE5D8}.Debug|x64.ActiveCfg = Debug|Any CPU
		{99528A47-300F-4587-80B1-823FB9EDE5D8}.Debug|x64.Build.0 = Debug|Any CPU
		{99528A47-300F-4587-80B1-823FB9EDE5D8}.Debug|x86.ActiveCfg = Debug|Any CPU
		{99528A47-300F-4587-80B1-823FB9EDE5D8}.Debug|x86.Build.0 = Debug|Any CPU
		{99528A47-300F-4587-80B1-823FB9EDE5D8}.Release|Any CPU.ActiveCfg = Release|Any CPU
		{99528A47-300F-4587-80B1-823FB9EDE5D8}.Release|Any CPU.Build.0 = Release|Any CPU
		{99528A47-300F-4587-80B1-823FB9EDE5D8}.Release|x64.ActiveCfg = Release|Any CPU
		{99528A47-300F-4587-80B1-823FB9EDE5D8}.Release|x64.Build.0 = Release|Any CPU
		{99528A47-300F-4587-80B1-823FB9EDE5D8}.Release|x86.ActiveCfg = Release|Any CPU
		{99528A47-300F-4587-80B1-823FB9EDE5D8}.Release|x86.Build.0 = Release|Any CPU
		{E3F66A05-80D4-406B-ABF3-B4CE1A46D8AC}.Debug|Any CPU.ActiveCfg = Debug|Any CPU
		{E3F66A05-80D4-406B-ABF3-B4CE1A46D8AC}.Debug|Any CPU.Build.0 = Debug|Any CPU
		{E3F66A05-80D4-406B-ABF3-B4CE1A46D8AC}.Debug|x64.ActiveCfg = Debug|Any CPU
		{E3F66A05-80D4-406B-ABF3-B4CE1A46D8AC}.Debug|x64.Build.0 = Debug|Any CPU
		{E3F66A05-80D4-406B-ABF3-B4CE1A46D8AC}.Debug|x86.ActiveCfg = Debug|Any CPU
		{E3F66A05-80D4-406B-ABF3-B4CE1A46D8AC}.Debug|x86.Build.0 = Debug|Any CPU
		{E3F66A05-80D4-406B-ABF3-B4CE1A46D8AC}.Release|Any CPU.ActiveCfg = Release|Any CPU
		{E3F66A05-80D4-406B-ABF3-B4CE1A46D8AC}.Release|Any CPU.Build.0 = Release|Any CPU
		{E3F66A05-80D4-406B-ABF3-B4CE1A46D8AC}.Release|x64.ActiveCfg = Release|Any CPU
		{E3F66A05-80D4-406B-ABF3-B4CE1A46D8AC}.Release|x64.Build.0 = Release|Any CPU
		{E3F66A05-80D4-406B-ABF3-B4CE1A46D8AC}.Release|x86.ActiveCfg = Release|Any CPU
		{E3F66A05-80D4-406B-ABF3-B4CE1A46D8AC}.Release|x86.Build.0 = Release|Any CPU
		{F96F7110-FC2C-4BE7-8A17-52A1E7A187D8}.Debug|Any CPU.ActiveCfg = Debug|Any CPU
		{F96F7110-FC2C-4BE7-8A17-52A1E7A187D8}.Debug|Any CPU.Build.0 = Debug|Any CPU
		{F96F7110-FC2C-4BE7-8A17-52A1E7A187D8}.Debug|x64.ActiveCfg = Debug|Any CPU
		{F96F7110-FC2C-4BE7-8A17-52A1E7A187D8}.Debug|x64.Build.0 = Debug|Any CPU
		{F96F7110-FC2C-4BE7-8A17-52A1E7A187D8}.Debug|x86.ActiveCfg = Debug|Any CPU
		{F96F7110-FC2C-4BE7-8A17-52A1E7A187D8}.Debug|x86.Build.0 = Debug|Any CPU
		{F96F7110-FC2C-4BE7-8A17-52A1E7A187D8}.Release|Any CPU.ActiveCfg = Release|Any CPU
		{F96F7110-FC2C-4BE7-8A17-52A1E7A187D8}.Release|Any CPU.Build.0 = Release|Any CPU
		{F96F7110-FC2C-4BE7-8A17-52A1E7A187D8}.Release|x64.ActiveCfg = Release|Any CPU
		{F96F7110-FC2C-4BE7-8A17-52A1E7A187D8}.Release|x64.Build.0 = Release|Any CPU
		{F96F7110-FC2C-4BE7-8A17-52A1E7A187D8}.Release|x86.ActiveCfg = Release|Any CPU
		{F96F7110-FC2C-4BE7-8A17-52A1E7A187D8}.Release|x86.Build.0 = Release|Any CPU
		{86AB8525-2B6B-4914-BDEC-B01CD777D955}.Debug|Any CPU.ActiveCfg = Debug|Any CPU
		{86AB8525-2B6B-4914-BDEC-B01CD777D955}.Debug|Any CPU.Build.0 = Debug|Any CPU
		{86AB8525-2B6B-4914-BDEC-B01CD777D955}.Debug|x64.ActiveCfg = Debug|Any CPU
		{86AB8525-2B6B-4914-BDEC-B01CD777D955}.Debug|x64.Build.0 = Debug|Any CPU
		{86AB8525-2B6B-4914-BDEC-B01CD777D955}.Debug|x86.ActiveCfg = Debug|Any CPU
		{86AB8525-2B6B-4914-BDEC-B01CD777D955}.Debug|x86.Build.0 = Debug|Any CPU
		{86AB8525-2B6B-4914-BDEC-B01CD777D955}.Release|Any CPU.ActiveCfg = Release|Any CPU
		{86AB8525-2B6B-4914-BDEC-B01CD777D955}.Release|Any CPU.Build.0 = Release|Any CPU
		{86AB8525-2B6B-4914-BDEC-B01CD777D955}.Release|x64.ActiveCfg = Release|Any CPU
		{86AB8525-2B6B-4914-BDEC-B01CD777D955}.Release|x64.Build.0 = Release|Any CPU
		{86AB8525-2B6B-4914-BDEC-B01CD777D955}.Release|x86.ActiveCfg = Release|Any CPU
		{86AB8525-2B6B-4914-BDEC-B01CD777D955}.Release|x86.Build.0 = Release|Any CPU
		{2DEE95BF-3F8A-4D0A-A75D-DE576C69F4CF}.Debug|Any CPU.ActiveCfg = Debug|Any CPU
		{2DEE95BF-3F8A-4D0A-A75D-DE576C69F4CF}.Debug|Any CPU.Build.0 = Debug|Any CPU
		{2DEE95BF-3F8A-4D0A-A75D-DE576C69F4CF}.Debug|x64.ActiveCfg = Debug|Any CPU
		{2DEE95BF-3F8A-4D0A-A75D-DE576C69F4CF}.Debug|x64.Build.0 = Debug|Any CPU
		{2DEE95BF-3F8A-4D0A-A75D-DE576C69F4CF}.Debug|x86.ActiveCfg = Debug|Any CPU
		{2DEE95BF-3F8A-4D0A-A75D-DE576C69F4CF}.Debug|x86.Build.0 = Debug|Any CPU
		{2DEE95BF-3F8A-4D0A-A75D-DE576C69F4CF}.Release|Any CPU.ActiveCfg = Release|Any CPU
		{2DEE95BF-3F8A-4D0A-A75D-DE576C69F4CF}.Release|Any CPU.Build.0 = Release|Any CPU
		{2DEE95BF-3F8A-4D0A-A75D-DE576C69F4CF}.Release|x64.ActiveCfg = Release|Any CPU
		{2DEE95BF-3F8A-4D0A-A75D-DE576C69F4CF}.Release|x64.Build.0 = Release|Any CPU
		{2DEE95BF-3F8A-4D0A-A75D-DE576C69F4CF}.Release|x86.ActiveCfg = Release|Any CPU
		{2DEE95BF-3F8A-4D0A-A75D-DE576C69F4CF}.Release|x86.Build.0 = Release|Any CPU
	EndGlobalSection
	GlobalSection(SolutionProperties) = preSolution
		HideSolutionNode = FALSE
	EndGlobalSection
	GlobalSection(ExtensibilityGlobals) = postSolution
		SolutionGuid = {719995EB-11E3-4DAF-ACFD-CF63F607FCF8}
	EndGlobalSection
EndGlobal
